
Microsoft Visual Studio Solution File, Format Version 12.00
# Visual Studio Version 17
VisualStudioVersion = 17.10.35013.160
MinimumVisualStudioVersion = 10.0.40219.1
Project("{9A19103F-16F7-4668-BE54-9A1E7A4F7556}") = "DomainDrivenDesign.Domain", "DomainDrivenDesign.Domain\DomainDrivenDesign.Domain.csproj", "{39ABE871-204F-4054-BF35-4CE235C6FBFC}"
EndProject
Project("{9A19103F-16F7-4668-BE54-9A1E7A4F7556}") = "DomainDrivenDesign.Application", "DomainDrivenDesign.Application\DomainDrivenDesign.Application.csproj", "{AC32A79E-735D-4804-AD8A-B7010BFC37D3}"
EndProject
Project("{9A19103F-16F7-4668-BE54-9A1E7A4F7556}") = "DomainDrivenDesign.Infrastructure", "DomainDrivenDesign.Infrastructure\DomainDrivenDesign.Infrastructure.csproj", "{BD73F3EB-0149-4FC6-9C4A-1EFD3521517A}"
EndProject
Project("{FAE04EC0-301F-11D3-BF4B-00C04F79EFBC}") = "DomainDrivenDesign.Api", "DomainDrivenDesign.Api\DomainDrivenDesign.Api.csproj", "{6F15F6D2-C559-4937-84F1-E2DE98988CEE}"
EndProject
Global
	GlobalSection(SolutionConfigurationPlatforms) = preSolution
		Debug|Any CPU = Debug|Any CPU
		Release|Any CPU = Release|Any CPU
	EndGlobalSection
	GlobalSection(ProjectConfigurationPlatforms) = postSolution
		{39ABE871-204F-4054-BF35-4CE235C6FBFC}.Debug|Any CPU.ActiveCfg = Debug|Any CPU
		{39ABE871-204F-4054-BF35-4CE235C6FBFC}.Debug|Any CPU.Build.0 = Debug|Any CPU
		{39ABE871-204F-4054-BF35-4CE235C6FBFC}.Release|Any CPU.ActiveCfg = Release|Any CPU
		{39ABE871-204F-4054-BF35-4CE235C6FBFC}.Release|Any CPU.Build.0 = Release|Any CPU
		{AC32A79E-735D-4804-AD8A-B7010BFC37D3}.Debug|Any CPU.ActiveCfg = Debug|Any CPU
		{AC32A79E-735D-4804-AD8A-B7010BFC37D3}.Debug|Any CPU.Build.0 = Debug|Any CPU
		{AC32A79E-735D-4804-AD8A-B7010BFC37D3}.Release|Any CPU.ActiveCfg = Release|Any CPU
		{AC32A79E-735D-4804-AD8A-B7010BFC37D3}.Release|Any CPU.Build.0 = Release|Any CPU
		{BD73F3EB-0149-4FC6-9C4A-1EFD3521517A}.Debug|Any CPU.ActiveCfg = Debug|Any CPU
		{BD73F3EB-0149-4FC6-9C4A-1EFD3521517A}.Debug|Any CPU.Build.0 = Debug|Any CPU
		{BD73F3EB-0149-4FC6-9C4A-1EFD3521517A}.Release|Any CPU.ActiveCfg = Release|Any CPU
		{BD73F3EB-0149-4FC6-9C4A-1EFD3521517A}.Release|Any CPU.Build.0 = Release|Any CPU
		{6F15F6D2-C559-4937-84F1-E2DE98988CEE}.Debug|Any CPU.ActiveCfg = Debug|Any CPU
		{6F15F6D2-C559-4937-84F1-E2DE98988CEE}.Debug|Any CPU.Build.0 = Debug|Any CPU
		{6F15F6D2-C559-4937-84F1-E2DE98988CEE}.Release|Any CPU.ActiveCfg = Release|Any CPU
		{6F15F6D2-C559-4937-84F1-E2DE98988CEE}.Release|Any CPU.Build.0 = Release|Any CPU
	EndGlobalSection
	GlobalSection(SolutionProperties) = preSolution
		HideSolutionNode = FALSE
	EndGlobalSection
	GlobalSection(ExtensibilityGlobals) = postSolution
		SolutionGuid = {63CBEFF6-B8A6-437F-BF54-835716E995B4}
	EndGlobalSection
EndGlobal
